<?xml version="1.0" encoding="utf-8"?>
<Project ToolsVersion="4.0" xmlns="http://schemas.microsoft.com/developer/msbuild/2003">
  <ItemGroup>
    <Filter Include="Resource Files">
      <UniqueIdentifier>{67DA6AB6-F800-4c08-8B7A-83BB121AAD01}</UniqueIdentifier>
      <Extensions>qrc;rc;ico;cur;bmp;dlg;rc2;rct;bin;rgs;gif;jpg;jpeg;jpe;resx;tiff;tif;png;wav;mfcribbon-ms</Extensions>
    </Filter>
    <Filter Include="Utils">
      <UniqueIdentifier>{5fd74af5-e3a9-4192-b4ca-7e88e4798a98}</UniqueIdentifier>
    </Filter>
    <Filter Include="Network">
      <UniqueIdentifier>{9c437a3b-6b45-4c63-a89c-2bbb0a6e3750}</UniqueIdentifier>
    </Filter>
    <Filter Include="GamePlay">
      <UniqueIdentifier>{b067e4e5-0a6f-4b16-ba3d-1e6db49df2a3}</UniqueIdentifier>
    </Filter>
    <Filter Include="Else">
      <UniqueIdentifier>{9a423843-7631-4553-aa13-e1b9e9ac41df}</UniqueIdentifier>
    </Filter>
  </ItemGroup>
  <ItemGroup>
    <ClCompile Include="pch.cpp">
      <Filter>Utils</Filter>
    </ClCompile>
    <ClCompile Include="Board.cpp">
      <Filter>GamePlay</Filter>
    </ClCompile>
    <ClCompile Include="Menu.cpp">
      <Filter>GamePlay</Filter>
    </ClCompile>
    <ClCompile Include="main.cpp">
      <Filter>GamePlay</Filter>
    </ClCompile>
    <ClCompile Include="GameSession.cpp">
      <Filter>Network</Filter>
    </ClCompile>
    <ClCompile Include="NetworkManager.cpp">
      <Filter>Network</Filter>
    </ClCompile>
  </ItemGroup>
  <ItemGroup>
    <ClInclude Include="pch.h">
      <Filter>Utils</Filter>
    </ClInclude>
    <ClInclude Include="Consts.h">
      <Filter>Else</Filter>
    </ClInclude>
    <ClInclude Include="Music.h">
      <Filter>Else</Filter>
    </ClInclude>
    <ClInclude Include="Player.h">
      <Filter>Else</Filter>
    </ClInclude>
    <ClInclude Include="GameSession.h">
      <Filter>Network</Filter>
    </ClInclude>
    <ClInclude Include="NetworkManager.h">
      <Filter>Network</Filter>
    </ClInclude>
  </ItemGroup>
  <ItemGroup>
    <QtMoc Include="Board.h">
      <Filter>GamePlay</Filter>
    </QtMoc>
    <QtMoc Include="Menu.h">
      <Filter>GamePlay</Filter>
    </QtMoc>
  </ItemGroup>
  <ItemGroup>
    <Image Include="Resouce\Black.png">
      <Filter>Resource Files</Filter>
    </Image>
    <Image Include="Resouce\Empty.png">
      <Filter>Resource Files</Filter>
    </Image>
    <Image Include="Resouce\InvisibleEmpty.png">
      <Filter>Resource Files</Filter>
    </Image>
    <Image Include="Resouce\Trap.png">
      <Filter>Resource Files</Filter>
    </Image>
    <Image Include="Resouce\User.png">
      <Filter>Resource Files</Filter>
    </Image>
    <Image Include="Resouce\Wall.png">
      <Filter>Resource Files</Filter>
    </Image>
  </ItemGroup>
  <ItemGroup>
    <None Include="item.h">
      <Filter>Else</Filter>
    </None>
  </ItemGroup>
</Project>